
Microsoft Visual Studio Solution File, Format Version 12.00
# Visual Studio Version 16
VisualStudioVersion = 16.0.31025.194
MinimumVisualStudioVersion = 10.0.40219.1
Project("{9A19103F-16F7-4668-BE54-9A1E7A4F7556}") = "Converter", "Converter\Converter.csproj", "{315C2EA8-AAFF-404B-8323-F79DA08BDF1D}"
EndProject
Project("{54435603-DBB4-11D2-8724-00A0C9A8B90C}") = "Setup", "Setup\Setup.vdproj", "{B7046F7A-D991-44D4-8120-6B1037AE7435}"
EndProject
Global
	GlobalSection(SolutionConfigurationPlatforms) = preSolution
		Debug|Any CPU = Debug|Any CPU
		Release|Any CPU = Release|Any CPU
	EndGlobalSection
	GlobalSection(ProjectConfigurationPlatforms) = postSolution
		{315C2EA8-AAFF-404B-8323-F79DA08BDF1D}.Debug|Any CPU.ActiveCfg = Release|Any CPU
		{315C2EA8-AAFF-404B-8323-F79DA08BDF1D}.Debug|Any CPU.Build.0 = Release|Any CPU
		{315C2EA8-AAFF-404B-8323-F79DA08BDF1D}.Release|Any CPU.ActiveCfg = Release|Any CPU
		{315C2EA8-AAFF-404B-8323-F79DA08BDF1D}.Release|Any CPU.Build.0 = Release|Any CPU
		{B7046F7A-D991-44D4-8120-6B1037AE7435}.Debug|Any CPU.ActiveCfg = Debug
		{B7046F7A-D991-44D4-8120-6B1037AE7435}.Release|Any CPU.ActiveCfg = Release
	EndGlobalSection
	GlobalSection(SolutionProperties) = preSolution
		HideSolutionNode = FALSE
	EndGlobalSection
	GlobalSection(ExtensibilityGlobals) = postSolution
		SolutionGuid = {3231E842-06E8-4063-B51E-EE037CF701C3}
	EndGlobalSection
EndGlobal
